
Microsoft Visual Studio Solution File, Format Version 12.00
# Visual Studio Version 16
VisualStudioVersion = 16.0.29709.97
MinimumVisualStudioVersion = 10.0.40219.1
Project("{FAE04EC0-301F-11D3-BF4B-00C04F79EFBC}") = "FormUI", "FormUI\FormUI.csproj", "{DE1C5959-D2A0-4B34-AB37-AACFE87E80AB}"
EndProject
Global
	GlobalSection(SolutionConfigurationPlatforms) = preSolution
		Debug|Any CPU = Debug|Any CPU
		Release|Any CPU = Release|Any CPU
	EndGlobalSection
	GlobalSection(ProjectConfigurationPlatforms) = postSolution
		{DE1C5959-D2A0-4B34-AB37-AACFE87E80AB}.Debug|Any CPU.ActiveCfg = Debug|Any CPU
		{DE1C5959-D2A0-4B34-AB37-AACFE87E80AB}.Debug|Any CPU.Build.0 = Debug|Any CPU
		{DE1C5959-D2A0-4B34-AB37-AACFE87E80AB}.Release|Any CPU.ActiveCfg = Release|Any CPU
		{DE1C5959-D2A0-4B34-AB37-AACFE87E80AB}.Release|Any CPU.Build.0 = Release|Any CPU
	EndGlobalSection
	GlobalSection(SolutionProperties) = preSolution
		HideSolutionNode = FALSE
	EndGlobalSection
	GlobalSection(ExtensibilityGlobals) = postSolution
		SolutionGuid = {784ABACA-0FED-436C-A255-EE14255BE666}
	EndGlobalSection
EndGlobal
